
Microsoft Visual Studio Solution File, Format Version 12.00
# Visual Studio 15
VisualStudioVersion = 15.0.28307.421
MinimumVisualStudioVersion = 10.0.40219.1
Project("{FAE04EC0-301F-11D3-BF4B-00C04F79EFBC}") = "GIT_test", "GIT_test\GIT_test.csproj", "{971362F6-2B58-43A1-8EE8-66E273F855D3}"
EndProject
Global
	GlobalSection(SolutionConfigurationPlatforms) = preSolution
		Debug|Any CPU = Debug|Any CPU
		Release|Any CPU = Release|Any CPU
	EndGlobalSection
	GlobalSection(ProjectConfigurationPlatforms) = postSolution
		{971362F6-2B58-43A1-8EE8-66E273F855D3}.Debug|Any CPU.ActiveCfg = Debug|Any CPU
		{971362F6-2B58-43A1-8EE8-66E273F855D3}.Debug|Any CPU.Build.0 = Debug|Any CPU
		{971362F6-2B58-43A1-8EE8-66E273F855D3}.Release|Any CPU.ActiveCfg = Release|Any CPU
		{971362F6-2B58-43A1-8EE8-66E273F855D3}.Release|Any CPU.Build.0 = Release|Any CPU
	EndGlobalSection
	GlobalSection(SolutionProperties) = preSolution
		HideSolutionNode = FALSE
	EndGlobalSection
	GlobalSection(ExtensibilityGlobals) = postSolution
		SolutionGuid = {1F312535-7692-4F41-B6FB-C18C40717DAA}
	EndGlobalSection
EndGlobal
